// !$*UTF8*$!
{
	archiveVersion = 1;
	classes = {
	};
	objectVersion = 56;
	objects = {

/* Begin PBXBuildFile section */
		A7A9EBE32B46F6E2004CF9D8 /* AppDelegate.swift in Sources */ = {isa = PBXBuildFile; fileRef = A7A9EBE22B46F6E2004CF9D8 /* AppDelegate.swift */; };
		A7A9EBE52B46F6E2004CF9D8 /* SceneDelegate.swift in Sources */ = {isa = PBXBuildFile; fileRef = A7A9EBE42B46F6E2004CF9D8 /* SceneDelegate.swift */; };
		A7A9EBE72B46F6E2004CF9D8 /* ViewController.swift in Sources */ = {isa = PBXBuildFile; fileRef = A7A9EBE62B46F6E2004CF9D8 /* ViewController.swift */; };
		A7A9EBEA2B46F6E2004CF9D8 /* Main.storyboard in Resources */ = {isa = PBXBuildFile; fileRef = A7A9EBE82B46F6E2004CF9D8 /* Main.storyboard */; };
		A7A9EBEC2B46F6E3004CF9D8 /* Assets.xcassets in Resources */ = {isa = PBXBuildFile; fileRef = A7A9EBEB2B46F6E3004CF9D8 /* Assets.xcassets */; };
		A7A9EBEF2B46F6E3004CF9D8 /* LaunchScreen.storyboard in Resources */ = {isa = PBXBuildFile; fileRef = A7A9EBED2B46F6E3004CF9D8 /* LaunchScreen.storyboard */; };
		A7A9EBFA2B46F6E3004CF9D8 /* HWUITableViewTests.swift in Sources */ = {isa = PBXBuildFile; fileRef = A7A9EBF92B46F6E3004CF9D8 /* HWUITableViewTests.swift */; };
		A7A9EC042B46F6E3004CF9D8 /* HWUITableViewUITests.swift in Sources */ = {isa = PBXBuildFile; fileRef = A7A9EC032B46F6E3004CF9D8 /* HWUITableViewUITests.swift */; };
		A7A9EC062B46F6E3004CF9D8 /* HWUITableViewUITestsLaunchTests.swift in Sources */ = {isa = PBXBuildFile; fileRef = A7A9EC052B46F6E3004CF9D8 /* HWUITableViewUITestsLaunchTests.swift */; };
		A7A9EC152B46F994004CF9D8 /* ProgrammingLangTableViewCell.swift in Sources */ = {isa = PBXBuildFile; fileRef = A7A9EC132B46F994004CF9D8 /* ProgrammingLangTableViewCell.swift */; };
		A7A9EC162B46F994004CF9D8 /* ProgrammingLangTableViewCell.xib in Resources */ = {isa = PBXBuildFile; fileRef = A7A9EC142B46F994004CF9D8 /* ProgrammingLangTableViewCell.xib */; };
		A7A9EC192B46FAEF004CF9D8 /* Struct.swift in Sources */ = {isa = PBXBuildFile; fileRef = A7A9EC182B46FAEF004CF9D8 /* Struct.swift */; };
		A7A9EC1B2B47021A004CF9D8 /* language.json in Resources */ = {isa = PBXBuildFile; fileRef = A7A9EC1A2B47021A004CF9D8 /* language.json */; };
		A7A9EC1D2B470309004CF9D8 /* JSONParse.swift in Sources */ = {isa = PBXBuildFile; fileRef = A7A9EC1C2B470309004CF9D8 /* JSONParse.swift */; };
/* End PBXBuildFile section */

/* Begin PBXContainerItemProxy section */
		A7A9EBF62B46F6E3004CF9D8 /* PBXContainerItemProxy */ = {
			isa = PBXContainerItemProxy;
			containerPortal = A7A9EBD72B46F6E2004CF9D8 /* Project object */;
			proxyType = 1;
			remoteGlobalIDString = A7A9EBDE2B46F6E2004CF9D8;
			remoteInfo = HWUITableView;
		};
		A7A9EC002B46F6E3004CF9D8 /* PBXContainerItemProxy */ = {
			isa = PBXContainerItemProxy;
			containerPortal = A7A9EBD72B46F6E2004CF9D8 /* Project object */;
			proxyType = 1;
			remoteGlobalIDString = A7A9EBDE2B46F6E2004CF9D8;
			remoteInfo = HWUITableView;
		};
/* End PBXContainerItemProxy section */

/* Begin PBXFileReference section */
		A7A9EBDF2B46F6E2004CF9D8 /* HWUITableView.app */ = {isa = PBXFileReference; explicitFileType = wrapper.application; includeInIndex = 0; path = HWUITableView.app; sourceTree = BUILT_PRODUCTS_DIR; };
		A7A9EBE22B46F6E2004CF9D8 /* AppDelegate.swift */ = {isa = PBXFileReference; lastKnownFileType = sourcecode.swift; path = AppDelegate.swift; sourceTree = "<group>"; };
		A7A9EBE42B46F6E2004CF9D8 /* SceneDelegate.swift */ = {isa = PBXFileReference; lastKnownFileType = sourcecode.swift; path = SceneDelegate.swift; sourceTree = "<group>"; };
		A7A9EBE62B46F6E2004CF9D8 /* ViewController.swift */ = {isa = PBXFileReference; lastKnownFileType = sourcecode.swift; path = ViewController.swift; sourceTree = "<group>"; };
		A7A9EBE92B46F6E2004CF9D8 /* Base */ = {isa = PBXFileReference; lastKnownFileType = file.storyboard; name = Base; path = Base.lproj/Main.storyboard; sourceTree = "<group>"; };
		A7A9EBEB2B46F6E3004CF9D8 /* Assets.xcassets */ = {isa = PBXFileReference; lastKnownFileType = folder.assetcatalog; path = Assets.xcassets; sourceTree = "<group>"; };
		A7A9EBEE2B46F6E3004CF9D8 /* Base */ = {isa = PBXFileReference; lastKnownFileType = file.storyboard; name = Base; path = Base.lproj/LaunchScreen.storyboard; sourceTree = "<group>"; };
		A7A9EBF02B46F6E3004CF9D8 /* Info.plist */ = {isa = PBXFileReference; lastKnownFileType = text.plist.xml; path = Info.plist; sourceTree = "<group>"; };
		A7A9EBF52B46F6E3004CF9D8 /* HWUITableViewTests.xctest */ = {isa = PBXFileReference; explicitFileType = wrapper.cfbundle; includeInIndex = 0; path = HWUITableViewTests.xctest; sourceTree = BUILT_PRODUCTS_DIR; };
		A7A9EBF92B46F6E3004CF9D8 /* HWUITableViewTests.swift */ = {isa = PBXFileReference; lastKnownFileType = sourcecode.swift; path = HWUITableViewTests.swift; sourceTree = "<group>"; };
		A7A9EBFF2B46F6E3004CF9D8 /* HWUITableViewUITests.xctest */ = {isa = PBXFileReference; explicitFileType = wrapper.cfbundle; includeInIndex = 0; path = HWUITableViewUITests.xctest; sourceTree = BUILT_PRODUCTS_DIR; };
		A7A9EC032B46F6E3004CF9D8 /* HWUITableViewUITests.swift */ = {isa = PBXFileReference; lastKnownFileType = sourcecode.swift; path = HWUITableViewUITests.swift; sourceTree = "<group>"; };
		A7A9EC052B46F6E3004CF9D8 /* HWUITableViewUITestsLaunchTests.swift */ = {isa = PBXFileReference; lastKnownFileType = sourcecode.swift; path = HWUITableViewUITestsLaunchTests.swift; sourceTree = "<group>"; };
		A7A9EC132B46F994004CF9D8 /* ProgrammingLangTableViewCell.swift */ = {isa = PBXFileReference; lastKnownFileType = sourcecode.swift; path = ProgrammingLangTableViewCell.swift; sourceTree = "<group>"; };
		A7A9EC142B46F994004CF9D8 /* ProgrammingLangTableViewCell.xib */ = {isa = PBXFileReference; lastKnownFileType = file.xib; path = ProgrammingLangTableViewCell.xib; sourceTree = "<group>"; };
		A7A9EC182B46FAEF004CF9D8 /* Struct.swift */ = {isa = PBXFileReference; lastKnownFileType = sourcecode.swift; path = Struct.swift; sourceTree = "<group>"; };
		A7A9EC1A2B47021A004CF9D8 /* language.json */ = {isa = PBXFileReference; lastKnownFileType = text.json; path = language.json; sourceTree = "<group>"; };
		A7A9EC1C2B470309004CF9D8 /* JSONParse.swift */ = {isa = PBXFileReference; lastKnownFileType = sourcecode.swift; path = JSONParse.swift; sourceTree = "<group>"; };
/* End PBXFileReference section */

/* Begin PBXFrameworksBuildPhase section */
		A7A9EBDC2B46F6E2004CF9D8 /* Frameworks */ = {
			isa = PBXFrameworksBuildPhase;
			buildActionMask = 2147483647;
			files = (
			);
			runOnlyForDeploymentPostprocessing = 0;
		};
		A7A9EBF22B46F6E3004CF9D8 /* Frameworks */ = {
			isa = PBXFrameworksBuildPhase;
			buildActionMask = 2147483647;
			files = (
			);
			runOnlyForDeploymentPostprocessing = 0;
		};
		A7A9EBFC2B46F6E3004CF9D8 /* Frameworks */ = {
			isa = PBXFrameworksBuildPhase;
			buildActionMask = 2147483647;
			files = (
			);
			runOnlyForDeploymentPostprocessing = 0;
		};
/* End PBXFrameworksBuildPhase section */

/* Begin PBXGroup section */
		A7A9EBD62B46F6E2004CF9D8 = {
			isa = PBXGroup;
			children = (
				A7A9EC172B46FADC004CF9D8 /* Model */,
				A7A9EC122B46F974004CF9D8 /* Cell */,
				A7A9EBE12B46F6E2004CF9D8 /* HWUITableView */,
				A7A9EBF82B46F6E3004CF9D8 /* HWUITableViewTests */,
				A7A9EC022B46F6E3004CF9D8 /* HWUITableViewUITests */,
				A7A9EBE02B46F6E2004CF9D8 /* Products */,
			);
			sourceTree = "<group>";
		};
		A7A9EBE02B46F6E2004CF9D8 /* Products */ = {
			isa = PBXGroup;
			children = (
				A7A9EBDF2B46F6E2004CF9D8 /* HWUITableView.app */,
				A7A9EBF52B46F6E3004CF9D8 /* HWUITableViewTests.xctest */,
				A7A9EBFF2B46F6E3004CF9D8 /* HWUITableViewUITests.xctest */,
			);
			name = Products;
			sourceTree = "<group>";
		};
		A7A9EBE12B46F6E2004CF9D8 /* HWUITableView */ = {
			isa = PBXGroup;
			children = (
				A7A9EBE22B46F6E2004CF9D8 /* AppDelegate.swift */,
				A7A9EBE42B46F6E2004CF9D8 /* SceneDelegate.swift */,
				A7A9EBE62B46F6E2004CF9D8 /* ViewController.swift */,
				A7A9EBE82B46F6E2004CF9D8 /* Main.storyboard */,
				A7A9EBEB2B46F6E3004CF9D8 /* Assets.xcassets */,
				A7A9EBED2B46F6E3004CF9D8 /* LaunchScreen.storyboard */,
				A7A9EBF02B46F6E3004CF9D8 /* Info.plist */,
			);
			path = HWUITableView;
			sourceTree = "<group>";
		};
		A7A9EBF82B46F6E3004CF9D8 /* HWUITableViewTests */ = {
			isa = PBXGroup;
			children = (
				A7A9EBF92B46F6E3004CF9D8 /* HWUITableViewTests.swift */,
			);
			path = HWUITableViewTests;
			sourceTree = "<group>";
		};
		A7A9EC022B46F6E3004CF9D8 /* HWUITableViewUITests */ = {
			isa = PBXGroup;
			children = (
				A7A9EC032B46F6E3004CF9D8 /* HWUITableViewUITests.swift */,
				A7A9EC052B46F6E3004CF9D8 /* HWUITableViewUITestsLaunchTests.swift */,
			);
			path = HWUITableViewUITests;
			sourceTree = "<group>";
		};
		A7A9EC122B46F974004CF9D8 /* Cell */ = {
			isa = PBXGroup;
			children = (
				A7A9EC132B46F994004CF9D8 /* ProgrammingLangTableViewCell.swift */,
				A7A9EC142B46F994004CF9D8 /* ProgrammingLangTableViewCell.xib */,
			);
			path = Cell;
			sourceTree = "<group>";
		};
		A7A9EC172B46FADC004CF9D8 /* Model */ = {
			isa = PBXGroup;
			children = (
				A7A9EC182B46FAEF004CF9D8 /* Struct.swift */,
				A7A9EC1A2B47021A004CF9D8 /* language.json */,
				A7A9EC1C2B470309004CF9D8 /* JSONParse.swift */,
			);
			path = Model;
			sourceTree = "<group>";
		};
/* End PBXGroup section */

/* Begin PBXNativeTarget section */
		A7A9EBDE2B46F6E2004CF9D8 /* HWUITableView */ = {
			isa = PBXNativeTarget;
			buildConfigurationList = A7A9EC092B46F6E3004CF9D8 /* Build configuration list for PBXNativeTarget "HWUITableView" */;
			buildPhases = (
				A7A9EBDB2B46F6E2004CF9D8 /* Sources */,
				A7A9EBDC2B46F6E2004CF9D8 /* Frameworks */,
				A7A9EBDD2B46F6E2004CF9D8 /* Resources */,
			);
			buildRules = (
			);
			dependencies = (
			);
			name = HWUITableView;
			productName = HWUITableView;
			productReference = A7A9EBDF2B46F6E2004CF9D8 /* HWUITableView.app */;
			productType = "com.apple.product-type.application";
		};
		A7A9EBF42B46F6E3004CF9D8 /* HWUITableViewTests */ = {
			isa = PBXNativeTarget;
			buildConfigurationList = A7A9EC0C2B46F6E3004CF9D8 /* Build configuration list for PBXNativeTarget "HWUITableViewTests" */;
			buildPhases = (
				A7A9EBF12B46F6E3004CF9D8 /* Sources */,
				A7A9EBF22B46F6E3004CF9D8 /* Frameworks */,
				A7A9EBF32B46F6E3004CF9D8 /* Resources */,
			);
			buildRules = (
			);
			dependencies = (
				A7A9EBF72B46F6E3004CF9D8 /* PBXTargetDependency */,
			);
			name = HWUITableViewTests;
			productName = HWUITableViewTests;
			productReference = A7A9EBF52B46F6E3004CF9D8 /* HWUITableViewTests.xctest */;
			productType = "com.apple.product-type.bundle.unit-test";
		};
		A7A9EBFE2B46F6E3004CF9D8 /* HWUITableViewUITests */ = {
			isa = PBXNativeTarget;
			buildConfigurationList = A7A9EC0F2B46F6E3004CF9D8 /* Build configuration list for PBXNativeTarget "HWUITableViewUITests" */;
			buildPhases = (
				A7A9EBFB2B46F6E3004CF9D8 /* Sources */,
				A7A9EBFC2B46F6E3004CF9D8 /* Frameworks */,
				A7A9EBFD2B46F6E3004CF9D8 /* Resources */,
			);
			buildRules = (
			);
			dependencies = (
				A7A9EC012B46F6E3004CF9D8 /* PBXTargetDependency */,
			);
			name = HWUITableViewUITests;
			productName = HWUITableViewUITests;
			productReference = A7A9EBFF2B46F6E3004CF9D8 /* HWUITableViewUITests.xctest */;
			productType = "com.apple.product-type.bundle.ui-testing";
		};
/* End PBXNativeTarget section */

/* Begin PBXProject section */
		A7A9EBD72B46F6E2004CF9D8 /* Project object */ = {
			isa = PBXProject;
			attributes = {
				BuildIndependentTargetsInParallel = 1;
				LastSwiftUpdateCheck = 1500;
				LastUpgradeCheck = 1500;
				TargetAttributes = {
					A7A9EBDE2B46F6E2004CF9D8 = {
						CreatedOnToolsVersion = 15.0.1;
					};
					A7A9EBF42B46F6E3004CF9D8 = {
						CreatedOnToolsVersion = 15.0.1;
						TestTargetID = A7A9EBDE2B46F6E2004CF9D8;
					};
					A7A9EBFE2B46F6E3004CF9D8 = {
						CreatedOnToolsVersion = 15.0.1;
						TestTargetID = A7A9EBDE2B46F6E2004CF9D8;
					};
				};
			};
			buildConfigurationList = A7A9EBDA2B46F6E2004CF9D8 /* Build configuration list for PBXProject "HWUITableView" */;
			compatibilityVersion = "Xcode 14.0";
			developmentRegion = en;
			hasScannedForEncodings = 0;
			knownRegions = (
				en,
				Base,
			);
			mainGroup = A7A9EBD62B46F6E2004CF9D8;
			productRefGroup = A7A9EBE02B46F6E2004CF9D8 /* Products */;
			projectDirPath = "";
			projectRoot = "";
			targets = (
				A7A9EBDE2B46F6E2004CF9D8 /* HWUITableView */,
				A7A9EBF42B46F6E3004CF9D8 /* HWUITableViewTests */,
				A7A9EBFE2B46F6E3004CF9D8 /* HWUITableViewUITests */,
			);
		};
/* End PBXProject section */

/* Begin PBXResourcesBuildPhase section */
		A7A9EBDD2B46F6E2004CF9D8 /* Resources */ = {
			isa = PBXResourcesBuildPhase;
			buildActionMask = 2147483647;
			files = (
				A7A9EBEF2B46F6E3004CF9D8 /* LaunchScreen.storyboard in Resources */,
				A7A9EC1B2B47021A004CF9D8 /* language.json in Resources */,
				A7A9EBEC2B46F6E3004CF9D8 /* Assets.xcassets in Resources */,
				A7A9EC162B46F994004CF9D8 /* ProgrammingLangTableViewCell.xib in Resources */,
				A7A9EBEA2B46F6E2004CF9D8 /* Main.storyboard in Resources */,
			);
			runOnlyForDeploymentPostprocessing = 0;
		};
		A7A9EBF32B46F6E3004CF9D8 /* Resources */ = {
			isa = PBXResourcesBuildPhase;
			buildActionMask = 2147483647;
			files = (
			);
			runOnlyForDeploymentPostprocessing = 0;
		};
		A7A9EBFD2B46F6E3004CF9D8 /* Resources */ = {
			isa = PBXResourcesBuildPhase;
			buildActionMask = 2147483647;
			files = (
			);
			runOnlyForDeploymentPostprocessing = 0;
		};
/* End PBXResourcesBuildPhase section */

/* Begin PBXSourcesBuildPhase section */
		A7A9EBDB2B46F6E2004CF9D8 /* Sources */ = {
			isa = PBXSourcesBuildPhase;
			buildActionMask = 2147483647;
			files = (
				A7A9EBE72B46F6E2004CF9D8 /* ViewController.swift in Sources */,
				A7A9EC152B46F994004CF9D8 /* ProgrammingLangTableViewCell.swift in Sources */,
				A7A9EBE32B46F6E2004CF9D8 /* AppDelegate.swift in Sources */,
				A7A9EC1D2B470309004CF9D8 /* JSONParse.swift in Sources */,
				A7A9EC192B46FAEF004CF9D8 /* Struct.swift in Sources */,
				A7A9EBE52B46F6E2004CF9D8 /* SceneDelegate.swift in Sources */,
			);
			runOnlyForDeploymentPostprocessing = 0;
		};
		A7A9EBF12B46F6E3004CF9D8 /* Sources */ = {
			isa = PBXSourcesBuildPhase;
			buildActionMask = 2147483647;
			files = (
				A7A9EBFA2B46F6E3004CF9D8 /* HWUITableViewTests.swift in Sources */,
			);
			runOnlyForDeploymentPostprocessing = 0;
		};
		A7A9EBFB2B46F6E3004CF9D8 /* Sources */ = {
			isa = PBXSourcesBuildPhase;
			buildActionMask = 2147483647;
			files = (
				A7A9EC042B46F6E3004CF9D8 /* HWUITableViewUITests.swift in Sources */,
				A7A9EC062B46F6E3004CF9D8 /* HWUITableViewUITestsLaunchTests.swift in Sources */,
			);
			runOnlyForDeploymentPostprocessing = 0;
		};
/* End PBXSourcesBuildPhase section */

/* Begin PBXTargetDependency section */
		A7A9EBF72B46F6E3004CF9D8 /* PBXTargetDependency */ = {
			isa = PBXTargetDependency;
			target = A7A9EBDE2B46F6E2004CF9D8 /* HWUITableView */;
			targetProxy = A7A9EBF62B46F6E3004CF9D8 /* PBXContainerItemProxy */;
		};
		A7A9EC012B46F6E3004CF9D8 /* PBXTargetDependency */ = {
			isa = PBXTargetDependency;
			target = A7A9EBDE2B46F6E2004CF9D8 /* HWUITableView */;
			targetProxy = A7A9EC002B46F6E3004CF9D8 /* PBXContainerItemProxy */;
		};
/* End PBXTargetDependency section */

/* Begin PBXVariantGroup section */
		A7A9EBE82B46F6E2004CF9D8 /* Main.storyboard */ = {
			isa = PBXVariantGroup;
			children = (
				A7A9EBE92B46F6E2004CF9D8 /* Base */,
			);
			name = Main.storyboard;
			sourceTree = "<group>";
		};
		A7A9EBED2B46F6E3004CF9D8 /* LaunchScreen.storyboard */ = {
			isa = PBXVariantGroup;
			children = (
				A7A9EBEE2B46F6E3004CF9D8 /* Base */,
			);
			name = LaunchScreen.storyboard;
			sourceTree = "<group>";
		};
/* End PBXVariantGroup section */

/* Begin XCBuildConfiguration section */
		A7A9EC072B46F6E3004CF9D8 /* Debug */ = {
			isa = XCBuildConfiguration;
			buildSettings = {
				ALWAYS_SEARCH_USER_PATHS = NO;
				ASSETCATALOG_COMPILER_GENERATE_SWIFT_ASSET_SYMBOL_EXTENSIONS = YES;
				CLANG_ANALYZER_NONNULL = YES;
				CLANG_ANALYZER_NUMBER_OBJECT_CONVERSION = YES_AGGRESSIVE;
				CLANG_CXX_LANGUAGE_STANDARD = "gnu++20";
				CLANG_ENABLE_MODULES = YES;
				CLANG_ENABLE_OBJC_ARC = YES;
				CLANG_ENABLE_OBJC_WEAK = YES;
				CLANG_WARN_BLOCK_CAPTURE_AUTORELEASING = YES;
				CLANG_WARN_BOOL_CONVERSION = YES;
				CLANG_WARN_COMMA = YES;
				CLANG_WARN_CONSTANT_CONVERSION = YES;
				CLANG_WARN_DEPRECATED_OBJC_IMPLEMENTATIONS = YES;
				CLANG_WARN_DIRECT_OBJC_ISA_USAGE = YES_ERROR;
				CLANG_WARN_DOCUMENTATION_COMMENTS = YES;
				CLANG_WARN_EMPTY_BODY = YES;
				CLANG_WARN_ENUM_CONVERSION = YES;
				CLANG_WARN_INFINITE_RECURSION = YES;
				CLANG_WARN_INT_CONVERSION = YES;
				CLANG_WARN_NON_LITERAL_NULL_CONVERSION = YES;
				CLANG_WARN_OBJC_IMPLICIT_RETAIN_SELF = YES;
				CLANG_WARN_OBJC_LITERAL_CONVERSION = YES;
				CLANG_WARN_OBJC_ROOT_CLASS = YES_ERROR;
				CLANG_WARN_QUOTED_INCLUDE_IN_FRAMEWORK_HEADER = YES;
				CLANG_WARN_RANGE_LOOP_ANALYSIS = YES;
				CLANG_WARN_STRICT_PROTOTYPES = YES;
				CLANG_WARN_SUSPICIOUS_MOVE = YES;
				CLANG_WARN_UNGUARDED_AVAILABILITY = YES_AGGRESSIVE;
				CLANG_WARN_UNREACHABLE_CODE = YES;
				CLANG_WARN__DUPLICATE_METHOD_MATCH = YES;
				COPY_PHASE_STRIP = NO;
				DEBUG_INFORMATION_FORMAT = dwarf;
				ENABLE_STRICT_OBJC_MSGSEND = YES;
				ENABLE_TESTABILITY = YES;
				ENABLE_USER_SCRIPT_SANDBOXING = YES;
				GCC_C_LANGUAGE_STANDARD = gnu17;
				GCC_DYNAMIC_NO_PIC = NO;
				GCC_NO_COMMON_BLOCKS = YES;
				GCC_OPTIMIZATION_LEVEL = 0;
				GCC_PREPROCESSOR_DEFINITIONS = (
					"DEBUG=1",
					"$(inherited)",
				);
				GCC_WARN_64_TO_32_BIT_CONVERSION = YES;
				GCC_WARN_ABOUT_RETURN_TYPE = YES_ERROR;
				GCC_WARN_UNDECLARED_SELECTOR = YES;
				GCC_WARN_UNINITIALIZED_AUTOS = YES_AGGRESSIVE;
				GCC_WARN_UNUSED_FUNCTION = YES;
				GCC_WARN_UNUSED_VARIABLE = YES;
				IPHONEOS_DEPLOYMENT_TARGET = 17.0;
				LOCALIZATION_PREFERS_STRING_CATALOGS = YES;
				MTL_ENABLE_DEBUG_INFO = INCLUDE_SOURCE;
				MTL_FAST_MATH = YES;
				ONLY_ACTIVE_ARCH = YES;
				SDKROOT = iphoneos;
				SWIFT_ACTIVE_COMPILATION_CONDITIONS = "DEBUG $(inherited)";
				SWIFT_OPTIMIZATION_LEVEL = "-Onone";
			};
			name = Debug;
		};
		A7A9EC082B46F6E3004CF9D8 /* Release */ = {
			isa = XCBuildConfiguration;
			buildSettings = {
				ALWAYS_SEARCH_USER_PATHS = NO;
				ASSETCATALOG_COMPILER_GENERATE_SWIFT_ASSET_SYMBOL_EXTENSIONS = YES;
				CLANG_ANALYZER_NONNULL = YES;
				CLANG_ANALYZER_NUMBER_OBJECT_CONVERSION = YES_AGGRESSIVE;
				CLANG_CXX_LANGUAGE_STANDARD = "gnu++20";
				CLANG_ENABLE_MODULES = YES;
				CLANG_ENABLE_OBJC_ARC = YES;
				CLANG_ENABLE_OBJC_WEAK = YES;
				CLANG_WARN_BLOCK_CAPTURE_AUTORELEASING = YES;
				CLANG_WARN_BOOL_CONVERSION = YES;
				CLANG_WARN_COMMA = YES;
				CLANG_WARN_CONSTANT_CONVERSION = YES;
				CLANG_WARN_DEPRECATED_OBJC_IMPLEMENTATIONS = YES;
				CLANG_WARN_DIRECT_OBJC_ISA_USAGE = YES_ERROR;
				CLANG_WARN_DOCUMENTATION_COMMENTS = YES;
				CLANG_WARN_EMPTY_BODY = YES;
				CLANG_WARN_ENUM_CONVERSION = YES;
				CLANG_WARN_INFINITE_RECURSION = YES;
				CLANG_WARN_INT_CONVERSION = YES;
				CLANG_WARN_NON_LITERAL_NULL_CONVERSION = YES;
				CLANG_WARN_OBJC_IMPLICIT_RETAIN_SELF = YES;
				CLANG_WARN_OBJC_LITERAL_CONVERSION = YES;
				CLANG_WARN_OBJC_ROOT_CLASS = YES_ERROR;
				CLANG_WARN_QUOTED_INCLUDE_IN_FRAMEWORK_HEADER = YES;
				CLANG_WARN_RANGE_LOOP_ANALYSIS = YES;
				CLANG_WARN_STRICT_PROTOTYPES = YES;
				CLANG_WARN_SUSPICIOUS_MOVE = YES;
				CLANG_WARN_UNGUARDED_AVAILABILITY = YES_AGGRESSIVE;
				CLANG_WARN_UNREACHABLE_CODE = YES;
				CLANG_WARN__DUPLICATE_METHOD_MATCH = YES;
				COPY_PHASE_STRIP = NO;
				DEBUG_INFORMATION_FORMAT = "dwarf-with-dsym";
				ENABLE_NS_ASSERTIONS = NO;
				ENABLE_STRICT_OBJC_MSGSEND = YES;
				ENABLE_USER_SCRIPT_SANDBOXING = YES;
				GCC_C_LANGUAGE_STANDARD = gnu17;
				GCC_NO_COMMON_BLOCKS = YES;
				GCC_WARN_64_TO_32_BIT_CONVERSION = YES;
				GCC_WARN_ABOUT_RETURN_TYPE = YES_ERROR;
				GCC_WARN_UNDECLARED_SELECTOR = YES;
				GCC_WARN_UNINITIALIZED_AUTOS = YES_AGGRESSIVE;
				GCC_WARN_UNUSED_FUNCTION = YES;
				GCC_WARN_UNUSED_VARIABLE = YES;
				IPHONEOS_DEPLOYMENT_TARGET = 17.0;
				LOCALIZATION_PREFERS_STRING_CATALOGS = YES;
				MTL_ENABLE_DEBUG_INFO = NO;
				MTL_FAST_MATH = YES;
				SDKROOT = iphoneos;
				SWIFT_COMPILATION_MODE = wholemodule;
				VALIDATE_PRODUCT = YES;
			};
			name = Release;
		};
		A7A9EC0A2B46F6E3004CF9D8 /* Debug */ = {
			isa = XCBuildConfiguration;
			buildSettings = {
				ASSETCATALOG_COMPILER_APPICON_NAME = AppIcon;
				ASSETCATALOG_COMPILER_GLOBAL_ACCENT_COLOR_NAME = AccentColor;
				CODE_SIGN_STYLE = Automatic;
				CURRENT_PROJECT_VERSION = 1;
				GENERATE_INFOPLIST_FILE = YES;
				INFOPLIST_FILE = HWUITableView/Info.plist;
				INFOPLIST_KEY_UIApplicationSupportsIndirectInputEvents = YES;
				INFOPLIST_KEY_UILaunchStoryboardName = LaunchScreen;
				INFOPLIST_KEY_UIMainStoryboardFile = Main;
				INFOPLIST_KEY_UISupportedInterfaceOrientations_iPad = "UIInterfaceOrientationPortrait UIInterfaceOrientationPortraitUpsideDown UIInterfaceOrientationLandscapeLeft UIInterfaceOrientationLandscapeRight";
				INFOPLIST_KEY_UISupportedInterfaceOrientations_iPhone = "UIInterfaceOrientationPortrait UIInterfaceOrientationLandscapeLeft UIInterfaceOrientationLandscapeRight";
				LD_RUNPATH_SEARCH_PATHS = (
					"$(inherited)",
					"@executable_path/Frameworks",
				);
				MARKETING_VERSION = 1.0;
				PRODUCT_BUNDLE_IDENTIFIER = tms.HWUITableView;
				PRODUCT_NAME = "$(TARGET_NAME)";
				SWIFT_EMIT_LOC_STRINGS = YES;
				SWIFT_VERSION = 5.0;
				TARGETED_DEVICE_FAMILY = "1,2";
			};
			name = Debug;
		};
		A7A9EC0B2B46F6E3004CF9D8 /* Release */ = {
			isa = XCBuildConfiguration;
			buildSettings = {
				ASSETCATALOG_COMPILER_APPICON_NAME = AppIcon;
				ASSETCATALOG_COMPILER_GLOBAL_ACCENT_COLOR_NAME = AccentColor;
				CODE_SIGN_STYLE = Automatic;
				CURRENT_PROJECT_VERSION = 1;
				GENERATE_INFOPLIST_FILE = YES;
				INFOPLIST_FILE = HWUITableView/Info.plist;
				INFOPLIST_KEY_UIApplicationSupportsIndirectInputEvents = YES;
				INFOPLIST_KEY_UILaunchStoryboardName = LaunchScreen;
				INFOPLIST_KEY_UIMainStoryboardFile = Main;
				INFOPLIST_KEY_UISupportedInterfaceOrientations_iPad = "UIInterfaceOrientationPortrait UIInterfaceOrientationPortraitUpsideDown UIInterfaceOrientationLandscapeLeft UIInterfaceOrientationLandscapeRight";
				INFOPLIST_KEY_UISupportedInterfaceOrientations_iPhone = "UIInterfaceOrientationPortrait UIInterfaceOrientationLandscapeLeft UIInterfaceOrientationLandscapeRight";
				LD_RUNPATH_SEARCH_PATHS = (
					"$(inherited)",
					"@executable_path/Frameworks",
				);
				MARKETING_VERSION = 1.0;
				PRODUCT_BUNDLE_IDENTIFIER = tms.HWUITableView;
				PRODUCT_NAME = "$(TARGET_NAME)";
				SWIFT_EMIT_LOC_STRINGS = YES;
				SWIFT_VERSION = 5.0;
				TARGETED_DEVICE_FAMILY = "1,2";
			};
			name = Release;
		};
		A7A9EC0D2B46F6E3004CF9D8 /* Debug */ = {
			isa = XCBuildConfiguration;
			buildSettings = {
				ALWAYS_EMBED_SWIFT_STANDARD_LIBRARIES = YES;
				BUNDLE_LOADER = "$(TEST_HOST)";
				CODE_SIGN_STYLE = Automatic;
				CURRENT_PROJECT_VERSION = 1;
				GENERATE_INFOPLIST_FILE = YES;
				IPHONEOS_DEPLOYMENT_TARGET = 17.0;
				MARKETING_VERSION = 1.0;
				PRODUCT_BUNDLE_IDENTIFIER = tms.HWUITableViewTests;
				PRODUCT_NAME = "$(TARGET_NAME)";
				SWIFT_EMIT_LOC_STRINGS = NO;
				SWIFT_VERSION = 5.0;
				TARGETED_DEVICE_FAMILY = "1,2";
				TEST_HOST = "$(BUILT_PRODUCTS_DIR)/HWUITableView.app/$(BUNDLE_EXECUTABLE_FOLDER_PATH)/HWUITableView";
			};
			name = Debug;
		};
		A7A9EC0E2B46F6E3004CF9D8 /* Release */ = {
			isa = XCBuildConfiguration;
			buildSettings = {
				ALWAYS_EMBED_SWIFT_STANDARD_LIBRARIES = YES;
				BUNDLE_LOADER = "$(TEST_HOST)";
				CODE_SIGN_STYLE = Automatic;
				CURRENT_PROJECT_VERSION = 1;
				GENERATE_INFOPLIST_FILE = YES;
				IPHONEOS_DEPLOYMENT_TARGET = 17.0;
				MARKETING_VERSION = 1.0;
				PRODUCT_BUNDLE_IDENTIFIER = tms.HWUITableViewTests;
				PRODUCT_NAME = "$(TARGET_NAME)";
				SWIFT_EMIT_LOC_STRINGS = NO;
				SWIFT_VERSION = 5.0;
				TARGETED_DEVICE_FAMILY = "1,2";
				TEST_HOST = "$(BUILT_PRODUCTS_DIR)/HWUITableView.app/$(BUNDLE_EXECUTABLE_FOLDER_PATH)/HWUITableView";
			};
			name = Release;
		};
		A7A9EC102B46F6E3004CF9D8 /* Debug */ = {
			isa = XCBuildConfiguration;
			buildSettings = {
				ALWAYS_EMBED_SWIFT_STANDARD_LIBRARIES = YES;
				CODE_SIGN_STYLE = Automatic;
				CURRENT_PROJECT_VERSION = 1;
				GENERATE_INFOPLIST_FILE = YES;
				MARKETING_VERSION = 1.0;
				PRODUCT_BUNDLE_IDENTIFIER = tms.HWUITableViewUITests;
				PRODUCT_NAME = "$(TARGET_NAME)";
				SWIFT_EMIT_LOC_STRINGS = NO;
				SWIFT_VERSION = 5.0;
				TARGETED_DEVICE_FAMILY = "1,2";
				TEST_TARGET_NAME = HWUITableView;
			};
			name = Debug;
		};
		A7A9EC112B46F6E3004CF9D8 /* Release */ = {
			isa = XCBuildConfiguration;
			buildSettings = {
				ALWAYS_EMBED_SWIFT_STANDARD_LIBRARIES = YES;
				CODE_SIGN_STYLE = Automatic;
				CURRENT_PROJECT_VERSION = 1;
				GENERATE_INFOPLIST_FILE = YES;
				MARKETING_VERSION = 1.0;
				PRODUCT_BUNDLE_IDENTIFIER = tms.HWUITableViewUITests;
				PRODUCT_NAME = "$(TARGET_NAME)";
				SWIFT_EMIT_LOC_STRINGS = NO;
				SWIFT_VERSION = 5.0;
				TARGETED_DEVICE_FAMILY = "1,2";
				TEST_TARGET_NAME = HWUITableView;
			};
			name = Release;
		};
/* End XCBuildConfiguration section */

/* Begin XCConfigurationList section */
		A7A9EBDA2B46F6E2004CF9D8 /* Build configuration list for PBXProject "HWUITableView" */ = {
			isa = XCConfigurationList;
			buildConfigurations = (
				A7A9EC072B46F6E3004CF9D8 /* Debug */,
				A7A9EC082B46F6E3004CF9D8 /* Release */,
			);
			defaultConfigurationIsVisible = 0;
			defaultConfigurationName = Release;
		};
		A7A9EC092B46F6E3004CF9D8 /* Build configuration list for PBXNativeTarget "HWUITableView" */ = {
			isa = XCConfigurationList;
			buildConfigurations = (
				A7A9EC0A2B46F6E3004CF9D8 /* Debug */,
				A7A9EC0B2B46F6E3004CF9D8 /* Release */,
			);
			defaultConfigurationIsVisible = 0;
			defaultConfigurationName = Release;
		};
		A7A9EC0C2B46F6E3004CF9D8 /* Build configuration list for PBXNativeTarget "HWUITableViewTests" */ = {
			isa = XCConfigurationList;
			buildConfigurations = (
				A7A9EC0D2B46F6E3004CF9D8 /* Debug */,
				A7A9EC0E2B46F6E3004CF9D8 /* Release */,
			);
			defaultConfigurationIsVisible = 0;
			defaultConfigurationName = Release;
		};
		A7A9EC0F2B46F6E3004CF9D8 /* Build configuration list for PBXNativeTarget "HWUITableViewUITests" */ = {
			isa = XCConfigurationList;
			buildConfigurations = (
				A7A9EC102B46F6E3004CF9D8 /* Debug */,
				A7A9EC112B46F6E3004CF9D8 /* Release */,
			);
			defaultConfigurationIsVisible = 0;
			defaultConfigurationName = Release;
		};
/* End XCConfigurationList section */
	};
	rootObject = A7A9EBD72B46F6E2004CF9D8 /* Project object */;
}
